
Microsoft Visual Studio Solution File, Format Version 12.00
# Visual Studio Version 17
VisualStudioVersion = 17.2.32630.192
MinimumVisualStudioVersion = 10.0.40219.1
Project("{9A19103F-16F7-4668-BE54-9A1E7A4F7556}") = "GoogleApiHandler", "GoogleApiHandler\GoogleApiHandler.csproj", "{2B35CD16-509E-4E30-8441-4C6D6E0C6804}"
EndProject
Project("{FAE04EC0-301F-11D3-BF4B-00C04F79EFBC}") = "CalendarAgeUpdater", "CalendarAgeUpdater\CalendarAgeUpdater.csproj", "{BE84B294-3714-4060-8FE2-C10176E05BE8}"
EndProject
Global
	GlobalSection(SolutionConfigurationPlatforms) = preSolution
		Debug|Any CPU = Debug|Any CPU
		Release|Any CPU = Release|Any CPU
	EndGlobalSection
	GlobalSection(ProjectConfigurationPlatforms) = postSolution
		{2B35CD16-509E-4E30-8441-4C6D6E0C6804}.Debug|Any CPU.ActiveCfg = Debug|Any CPU
		{2B35CD16-509E-4E30-8441-4C6D6E0C6804}.Debug|Any CPU.Build.0 = Debug|Any CPU
		{2B35CD16-509E-4E30-8441-4C6D6E0C6804}.Release|Any CPU.ActiveCfg = Release|Any CPU
		{2B35CD16-509E-4E30-8441-4C6D6E0C6804}.Release|Any CPU.Build.0 = Release|Any CPU
		{BE84B294-3714-4060-8FE2-C10176E05BE8}.Debug|Any CPU.ActiveCfg = Debug|Any CPU
		{BE84B294-3714-4060-8FE2-C10176E05BE8}.Debug|Any CPU.Build.0 = Debug|Any CPU
		{BE84B294-3714-4060-8FE2-C10176E05BE8}.Release|Any CPU.ActiveCfg = Release|Any CPU
		{BE84B294-3714-4060-8FE2-C10176E05BE8}.Release|Any CPU.Build.0 = Release|Any CPU
	EndGlobalSection
	GlobalSection(SolutionProperties) = preSolution
		HideSolutionNode = FALSE
	EndGlobalSection
	GlobalSection(ExtensibilityGlobals) = postSolution
		SolutionGuid = {D6931A14-36A7-478E-A7CA-0C4DD53E287B}
	EndGlobalSection
EndGlobal
